// !$*UTF8*$!
{
	archiveVersion = 1;
	classes = {
	};
	objectVersion = 56;
	objects = {

/* Begin PBXBuildFile section */
		BB0CAA9C2C06D2AF003D2A1D /* Tile.swift in Sources */ = {isa = PBXBuildFile; fileRef = BB0CAA9B2C06D2AF003D2A1D /* Tile.swift */; };
		BB1104192C1151DA00D3D56E /* TileMenu.swift in Sources */ = {isa = PBXBuildFile; fileRef = BB1104182C1151DA00D3D56E /* TileMenu.swift */; };
		BB1A09A72C0CE5F6008C3673 /* Theme.swift in Sources */ = {isa = PBXBuildFile; fileRef = BB1A09A62C0CE5F6008C3673 /* Theme.swift */; };
		BB49705A2C096EC000DFC15A /* Localizable.xcstrings in Resources */ = {isa = PBXBuildFile; fileRef = BB4970592C096EC000DFC15A /* Localizable.xcstrings */; };
		BB5F9E392C339F7D00D2ECC7 /* MainView.swift in Sources */ = {isa = PBXBuildFile; fileRef = BBC171622C06B2D100CF9211 /* MainView.swift */; };
		BB5F9E3A2C339F7D00D2ECC7 /* Theme.swift in Sources */ = {isa = PBXBuildFile; fileRef = BB1A09A62C0CE5F6008C3673 /* Theme.swift */; };
		BB5F9E3B2C339F7D00D2ECC7 /* AppState.swift in Sources */ = {isa = PBXBuildFile; fileRef = BBDA95632C0DFEEA004582F5 /* AppState.swift */; };
		BB5F9E3C2C339F7D00D2ECC7 /* App.swift in Sources */ = {isa = PBXBuildFile; fileRef = BBC171602C06B2D100CF9211 /* App.swift */; };
		BB5F9E3D2C339F7D00D2ECC7 /* SettingsView.swift in Sources */ = {isa = PBXBuildFile; fileRef = BBDA95612C0DFDCD004582F5 /* SettingsView.swift */; };
		BB5F9E3E2C339F7D00D2ECC7 /* TileButton.swift in Sources */ = {isa = PBXBuildFile; fileRef = BBDA95652C0E382E004582F5 /* TileButton.swift */; };
		BB5F9E3F2C339F7D00D2ECC7 /* Tile.swift in Sources */ = {isa = PBXBuildFile; fileRef = BB0CAA9B2C06D2AF003D2A1D /* Tile.swift */; };
		BB5F9E402C339F7D00D2ECC7 /* TileMenu.swift in Sources */ = {isa = PBXBuildFile; fileRef = BB1104182C1151DA00D3D56E /* TileMenu.swift */; };
		BB5F9E412C339F7D00D2ECC7 /* Extensions.swift in Sources */ = {isa = PBXBuildFile; fileRef = BBD22CD02C0A074600A81536 /* Extensions.swift */; };
		BB5F9E442C339F7D00D2ECC7 /* Assets.xcassets in Resources */ = {isa = PBXBuildFile; fileRef = BBC171642C06B2D200CF9211 /* Assets.xcassets */; };
		BB5F9E452C339F7D00D2ECC7 /* Localizable.xcstrings in Resources */ = {isa = PBXBuildFile; fileRef = BB4970592C096EC000DFC15A /* Localizable.xcstrings */; };
		BB5F9E462C339F7D00D2ECC7 /* Credits.rtf in Resources */ = {isa = PBXBuildFile; fileRef = BB75532B2C0E421300AB4671 /* Credits.rtf */; };
		BB75532C2C0E421300AB4671 /* Credits.rtf in Resources */ = {isa = PBXBuildFile; fileRef = BB75532B2C0E421300AB4671 /* Credits.rtf */; };
		BB8238912D36089300A0ABB2 /* Sparkle in Frameworks */ = {isa = PBXBuildFile; productRef = BB8238902D36089300A0ABB2 /* Sparkle */; };
		BBC171612C06B2D100CF9211 /* App.swift in Sources */ = {isa = PBXBuildFile; fileRef = BBC171602C06B2D100CF9211 /* App.swift */; };
		BBC171632C06B2D100CF9211 /* MainView.swift in Sources */ = {isa = PBXBuildFile; fileRef = BBC171622C06B2D100CF9211 /* MainView.swift */; };
		BBC171652C06B2D200CF9211 /* Assets.xcassets in Resources */ = {isa = PBXBuildFile; fileRef = BBC171642C06B2D200CF9211 /* Assets.xcassets */; };
		BBD22CD12C0A074600A81536 /* Extensions.swift in Sources */ = {isa = PBXBuildFile; fileRef = BBD22CD02C0A074600A81536 /* Extensions.swift */; };
		BBDA95622C0DFDCD004582F5 /* SettingsView.swift in Sources */ = {isa = PBXBuildFile; fileRef = BBDA95612C0DFDCD004582F5 /* SettingsView.swift */; };
		BBDA95642C0DFEEA004582F5 /* AppState.swift in Sources */ = {isa = PBXBuildFile; fileRef = BBDA95632C0DFEEA004582F5 /* AppState.swift */; };
		BBDA95662C0E382F004582F5 /* TileButton.swift in Sources */ = {isa = PBXBuildFile; fileRef = BBDA95652C0E382E004582F5 /* TileButton.swift */; };
/* End PBXBuildFile section */

/* Begin PBXFileReference section */
		BB0CAA9B2C06D2AF003D2A1D /* Tile.swift */ = {isa = PBXFileReference; lastKnownFileType = sourcecode.swift; path = Tile.swift; sourceTree = "<group>"; };
		BB1104182C1151DA00D3D56E /* TileMenu.swift */ = {isa = PBXFileReference; lastKnownFileType = sourcecode.swift; path = TileMenu.swift; sourceTree = "<group>"; };
		BB1A09A62C0CE5F6008C3673 /* Theme.swift */ = {isa = PBXFileReference; lastKnownFileType = sourcecode.swift; path = Theme.swift; sourceTree = "<group>"; };
		BB4970592C096EC000DFC15A /* Localizable.xcstrings */ = {isa = PBXFileReference; lastKnownFileType = text.json.xcstrings; path = Localizable.xcstrings; sourceTree = "<group>"; };
		BB5C94382C11300B0063190A /* README.md */ = {isa = PBXFileReference; lastKnownFileType = net.daringfireball.markdown; path = README.md; sourceTree = "<group>"; };
		BB5F9E4B2C339F7D00D2ECC7 /* Settings Pal.app */ = {isa = PBXFileReference; explicitFileType = wrapper.application; includeInIndex = 0; path = "Settings Pal.app"; sourceTree = BUILT_PRODUCTS_DIR; };
		BB5F9E4F2C33A20000D2ECC7 /* SettingsPal.plist */ = {isa = PBXFileReference; lastKnownFileType = text.plist.xml; path = SettingsPal.plist; sourceTree = "<group>"; };
		BB75532B2C0E421300AB4671 /* Credits.rtf */ = {isa = PBXFileReference; fileEncoding = 4; lastKnownFileType = text.rtf; path = Credits.rtf; sourceTree = "<group>"; };
		BB82388E2D36043F00A0ABB2 /* SettingsPal.entitlements */ = {isa = PBXFileReference; lastKnownFileType = text.plist.entitlements; path = SettingsPal.entitlements; sourceTree = "<group>"; };
		BBC1715D2C06B2D100CF9211 /* Settings Pal.app */ = {isa = PBXFileReference; explicitFileType = wrapper.application; includeInIndex = 0; path = "Settings Pal.app"; sourceTree = BUILT_PRODUCTS_DIR; };
		BBC171602C06B2D100CF9211 /* App.swift */ = {isa = PBXFileReference; lastKnownFileType = sourcecode.swift; path = App.swift; sourceTree = "<group>"; };
		BBC171622C06B2D100CF9211 /* MainView.swift */ = {isa = PBXFileReference; lastKnownFileType = sourcecode.swift; path = MainView.swift; sourceTree = "<group>"; };
		BBC171642C06B2D200CF9211 /* Assets.xcassets */ = {isa = PBXFileReference; lastKnownFileType = folder.assetcatalog; path = Assets.xcassets; sourceTree = "<group>"; };
		BBD22CD02C0A074600A81536 /* Extensions.swift */ = {isa = PBXFileReference; lastKnownFileType = sourcecode.swift; path = Extensions.swift; sourceTree = "<group>"; };
		BBDA95612C0DFDCD004582F5 /* SettingsView.swift */ = {isa = PBXFileReference; lastKnownFileType = sourcecode.swift; path = SettingsView.swift; sourceTree = "<group>"; };
		BBDA95632C0DFEEA004582F5 /* AppState.swift */ = {isa = PBXFileReference; lastKnownFileType = sourcecode.swift; path = AppState.swift; sourceTree = "<group>"; };
		BBDA95652C0E382E004582F5 /* TileButton.swift */ = {isa = PBXFileReference; lastKnownFileType = sourcecode.swift; path = TileButton.swift; sourceTree = "<group>"; };
/* End PBXFileReference section */

/* Begin PBXFrameworksBuildPhase section */
		BB5F9E422C339F7D00D2ECC7 /* Frameworks */ = {
			isa = PBXFrameworksBuildPhase;
			buildActionMask = 2147483647;
			files = (
			);
			runOnlyForDeploymentPostprocessing = 0;
		};
		BBC1715A2C06B2D100CF9211 /* Frameworks */ = {
			isa = PBXFrameworksBuildPhase;
			buildActionMask = 2147483647;
			files = (
				BB8238912D36089300A0ABB2 /* Sparkle in Frameworks */,
			);
			runOnlyForDeploymentPostprocessing = 0;
		};
/* End PBXFrameworksBuildPhase section */

/* Begin PBXGroup section */
		BB82388F2D36089300A0ABB2 /* Frameworks */ = {
			isa = PBXGroup;
			children = (
			);
			name = Frameworks;
			sourceTree = "<group>";
		};
		BBC171542C06B2D100CF9211 = {
			isa = PBXGroup;
			children = (
				BBC1715F2C06B2D100CF9211 /* SettingsPal */,
				BB5C94382C11300B0063190A /* README.md */,
				BB82388F2D36089300A0ABB2 /* Frameworks */,
				BBC1715E2C06B2D100CF9211 /* Products */,
			);
			sourceTree = "<group>";
		};
		BBC1715E2C06B2D100CF9211 /* Products */ = {
			isa = PBXGroup;
			children = (
				BBC1715D2C06B2D100CF9211 /* Settings Pal.app */,
				BB5F9E4B2C339F7D00D2ECC7 /* Settings Pal.app */,
			);
			name = Products;
			sourceTree = "<group>";
		};
		BBC1715F2C06B2D100CF9211 /* SettingsPal */ = {
			isa = PBXGroup;
			children = (
				BBC171602C06B2D100CF9211 /* App.swift */,
				BBDA95632C0DFEEA004582F5 /* AppState.swift */,
				BBC171622C06B2D100CF9211 /* MainView.swift */,
				BBDA95612C0DFDCD004582F5 /* SettingsView.swift */,
				BBDA95652C0E382E004582F5 /* TileButton.swift */,
				BB1104182C1151DA00D3D56E /* TileMenu.swift */,
				BB0CAA9B2C06D2AF003D2A1D /* Tile.swift */,
				BB1A09A62C0CE5F6008C3673 /* Theme.swift */,
				BBD22CD02C0A074600A81536 /* Extensions.swift */,
				BBC171642C06B2D200CF9211 /* Assets.xcassets */,
				BB4970592C096EC000DFC15A /* Localizable.xcstrings */,
				BB82388E2D36043F00A0ABB2 /* SettingsPal.entitlements */,
				BB5F9E4F2C33A20000D2ECC7 /* SettingsPal.plist */,
				BB75532B2C0E421300AB4671 /* Credits.rtf */,
			);
			path = SettingsPal;
			sourceTree = "<group>";
		};
/* End PBXGroup section */

/* Begin PBXNativeTarget section */
		BB5F9E372C339F7D00D2ECC7 /* Settings Pal - App Store */ = {
			isa = PBXNativeTarget;
			buildConfigurationList = BB5F9E482C339F7D00D2ECC7 /* Build configuration list for PBXNativeTarget "Settings Pal - App Store" */;
			buildPhases = (
				BB5F9E382C339F7D00D2ECC7 /* Sources */,
				BB5F9E422C339F7D00D2ECC7 /* Frameworks */,
				BB5F9E432C339F7D00D2ECC7 /* Resources */,
				BB5F9E472C339F7D00D2ECC7 /* ShellScript */,
			);
			buildRules = (
			);
			dependencies = (
			);
			name = "Settings Pal - App Store";
			packageProductDependencies = (
			);
			productName = "Settings Classic";
			productReference = BB5F9E4B2C339F7D00D2ECC7 /* Settings Pal.app */;
			productType = "com.apple.product-type.application";
		};
		BBC1715C2C06B2D100CF9211 /* Settings Pal */ = {
			isa = PBXNativeTarget;
			buildConfigurationList = BBC1716C2C06B2D200CF9211 /* Build configuration list for PBXNativeTarget "Settings Pal" */;
			buildPhases = (
				BBC171592C06B2D100CF9211 /* Sources */,
				BBC1715A2C06B2D100CF9211 /* Frameworks */,
				BBC1715B2C06B2D100CF9211 /* Resources */,
				BB24CD1A2C0CCA1300FD9C46 /* ShellScript */,
			);
			buildRules = (
			);
			dependencies = (
			);
			name = "Settings Pal";
			packageProductDependencies = (
				BB8238902D36089300A0ABB2 /* Sparkle */,
			);
			productName = "Settings Classic";
			productReference = BBC1715D2C06B2D100CF9211 /* Settings Pal.app */;
			productType = "com.apple.product-type.application";
		};
/* End PBXNativeTarget section */

/* Begin PBXProject section */
		BBC171552C06B2D100CF9211 /* Project object */ = {
			isa = PBXProject;
			attributes = {
				BuildIndependentTargetsInParallel = 1;
				LastSwiftUpdateCheck = 1540;
				LastUpgradeCheck = 1610;
				TargetAttributes = {
					BBC1715C2C06B2D100CF9211 = {
						CreatedOnToolsVersion = 15.4;
					};
				};
			};
			buildConfigurationList = BBC171582C06B2D100CF9211 /* Build configuration list for PBXProject "SettingsPal" */;
			compatibilityVersion = "Xcode 14.0";
			developmentRegion = en;
			hasScannedForEncodings = 0;
			knownRegions = (
				en,
				Base,
				es,
			);
			mainGroup = BBC171542C06B2D100CF9211;
			packageReferences = (
				BB5F9E4C2C33A01400D2ECC7 /* XCRemoteSwiftPackageReference "Sparkle" */,
			);
			productRefGroup = BBC1715E2C06B2D100CF9211 /* Products */;
			projectDirPath = "";
			projectRoot = "";
			targets = (
				BBC1715C2C06B2D100CF9211 /* Settings Pal */,
				BB5F9E372C339F7D00D2ECC7 /* Settings Pal - App Store */,
			);
		};
/* End PBXProject section */

/* Begin PBXResourcesBuildPhase section */
		BB5F9E432C339F7D00D2ECC7 /* Resources */ = {
			isa = PBXResourcesBuildPhase;
			buildActionMask = 2147483647;
			files = (
				BB5F9E442C339F7D00D2ECC7 /* Assets.xcassets in Resources */,
				BB5F9E452C339F7D00D2ECC7 /* Localizable.xcstrings in Resources */,
				BB5F9E462C339F7D00D2ECC7 /* Credits.rtf in Resources */,
			);
			runOnlyForDeploymentPostprocessing = 0;
		};
		BBC1715B2C06B2D100CF9211 /* Resources */ = {
			isa = PBXResourcesBuildPhase;
			buildActionMask = 2147483647;
			files = (
				BBC171652C06B2D200CF9211 /* Assets.xcassets in Resources */,
				BB49705A2C096EC000DFC15A /* Localizable.xcstrings in Resources */,
				BB75532C2C0E421300AB4671 /* Credits.rtf in Resources */,
			);
			runOnlyForDeploymentPostprocessing = 0;
		};
/* End PBXResourcesBuildPhase section */

/* Begin PBXShellScriptBuildPhase section */
		BB24CD1A2C0CCA1300FD9C46 /* ShellScript */ = {
			isa = PBXShellScriptBuildPhase;
			alwaysOutOfDate = 1;
			buildActionMask = 2147483647;
			files = (
			);
			inputFileListPaths = (
			);
			inputPaths = (
			);
			outputFileListPaths = (
			);
			outputPaths = (
			);
			runOnlyForDeploymentPostprocessing = 0;
			shellPath = /bin/sh;
			shellScript = "# Support for M1 Macs: Homebrew is installed on /opt/homebrew/ by default\nPATH=/opt/homebrew/bin/:$PATH\n\nif which swiftlint >/dev/null; then\n  swiftlint\nelse\n  echo \"warning: SwiftLint not installed, download from https://github.com/realm/SwiftLint\"\nfi\n";
		};
		BB5F9E472C339F7D00D2ECC7 /* ShellScript */ = {
			isa = PBXShellScriptBuildPhase;
			alwaysOutOfDate = 1;
			buildActionMask = 2147483647;
			files = (
			);
			inputFileListPaths = (
			);
			inputPaths = (
			);
			outputFileListPaths = (
			);
			outputPaths = (
			);
			runOnlyForDeploymentPostprocessing = 0;
			shellPath = /bin/sh;
			shellScript = "# Support for M1 Macs: Homebrew is installed on /opt/homebrew/ by default\nPATH=/opt/homebrew/bin/:$PATH\n\nif which swiftlint >/dev/null; then\n  swiftlint\nelse\n  echo \"warning: SwiftLint not installed, download from https://github.com/realm/SwiftLint\"\nfi\n";
		};
/* End PBXShellScriptBuildPhase section */

/* Begin PBXSourcesBuildPhase section */
		BB5F9E382C339F7D00D2ECC7 /* Sources */ = {
			isa = PBXSourcesBuildPhase;
			buildActionMask = 2147483647;
			files = (
				BB5F9E392C339F7D00D2ECC7 /* MainView.swift in Sources */,
				BB5F9E3A2C339F7D00D2ECC7 /* Theme.swift in Sources */,
				BB5F9E3B2C339F7D00D2ECC7 /* AppState.swift in Sources */,
				BB5F9E3C2C339F7D00D2ECC7 /* App.swift in Sources */,
				BB5F9E3D2C339F7D00D2ECC7 /* SettingsView.swift in Sources */,
				BB5F9E3E2C339F7D00D2ECC7 /* TileButton.swift in Sources */,
				BB5F9E3F2C339F7D00D2ECC7 /* Tile.swift in Sources */,
				BB5F9E402C339F7D00D2ECC7 /* TileMenu.swift in Sources */,
				BB5F9E412C339F7D00D2ECC7 /* Extensions.swift in Sources */,
			);
			runOnlyForDeploymentPostprocessing = 0;
		};
		BBC171592C06B2D100CF9211 /* Sources */ = {
			isa = PBXSourcesBuildPhase;
			buildActionMask = 2147483647;
			files = (
				BBC171632C06B2D100CF9211 /* MainView.swift in Sources */,
				BB1A09A72C0CE5F6008C3673 /* Theme.swift in Sources */,
				BBDA95642C0DFEEA004582F5 /* AppState.swift in Sources */,
				BBC171612C06B2D100CF9211 /* App.swift in Sources */,
				BBDA95622C0DFDCD004582F5 /* SettingsView.swift in Sources */,
				BBDA95662C0E382F004582F5 /* TileButton.swift in Sources */,
				BB0CAA9C2C06D2AF003D2A1D /* Tile.swift in Sources */,
				BB1104192C1151DA00D3D56E /* TileMenu.swift in Sources */,
				BBD22CD12C0A074600A81536 /* Extensions.swift in Sources */,
			);
			runOnlyForDeploymentPostprocessing = 0;
		};
/* End PBXSourcesBuildPhase section */

/* Begin XCBuildConfiguration section */
		BB5F9E492C339F7D00D2ECC7 /* Debug */ = {
			isa = XCBuildConfiguration;
			buildSettings = {
				ASSETCATALOG_COMPILER_APPICON_NAME = AppIcon;
				CODE_SIGN_ENTITLEMENTS = SettingsPal/SettingsPal.entitlements;
				CODE_SIGN_STYLE = Automatic;
				COMBINE_HIDPI_IMAGES = YES;
				CURRENT_PROJECT_VERSION = 1;
				DEAD_CODE_STRIPPING = YES;
				DEVELOPMENT_TEAM = TD687FJHSE;
				ENABLE_HARDENED_RUNTIME = YES;
				ENABLE_PREVIEWS = YES;
				GENERATE_INFOPLIST_FILE = YES;
				INFOPLIST_FILE = SettingsPal/SettingsPal.plist;
				INFOPLIST_KEY_LSApplicationCategoryType = "public.app-category.utilities";
				INFOPLIST_KEY_NSContactsUsageDescription = "To display your name and avatar";
				INFOPLIST_KEY_NSHumanReadableCopyright = "Copyright © 2024 Neat Software Co.\nAll rights reserved.";
				LD_RUNPATH_SEARCH_PATHS = (
					"$(inherited)",
					"@executable_path/../Frameworks",
				);
				MARKETING_VERSION = 1.0;
				OTHER_SWIFT_FLAGS = "-DAPP_STORE";
				PRODUCT_BUNDLE_IDENTIFIER = neat.software.SettingsPal;
				PRODUCT_NAME = "Settings Pal";
				SWIFT_EMIT_LOC_STRINGS = YES;
				SWIFT_VERSION = 5.0;
			};
			name = Debug;
		};
		BB5F9E4A2C339F7D00D2ECC7 /* Release */ = {
			isa = XCBuildConfiguration;
			buildSettings = {
				ASSETCATALOG_COMPILER_APPICON_NAME = AppIcon;
				CODE_SIGN_ENTITLEMENTS = SettingsPal/SettingsPal.entitlements;
				CODE_SIGN_STYLE = Automatic;
				COMBINE_HIDPI_IMAGES = YES;
				CURRENT_PROJECT_VERSION = 1;
				DEAD_CODE_STRIPPING = YES;
				DEVELOPMENT_TEAM = TD687FJHSE;
				ENABLE_HARDENED_RUNTIME = YES;
				ENABLE_PREVIEWS = YES;
				GENERATE_INFOPLIST_FILE = YES;
				INFOPLIST_FILE = SettingsPal/SettingsPal.plist;
				INFOPLIST_KEY_LSApplicationCategoryType = "public.app-category.utilities";
				INFOPLIST_KEY_NSContactsUsageDescription = "To display your name and avatar";
				INFOPLIST_KEY_NSHumanReadableCopyright = "Copyright © 2024 Neat Software Co.\nAll rights reserved.";
				LD_RUNPATH_SEARCH_PATHS = (
					"$(inherited)",
					"@executable_path/../Frameworks",
				);
				MARKETING_VERSION = 1.0;
				OTHER_SWIFT_FLAGS = "-DAPP_STORE";
				PRODUCT_BUNDLE_IDENTIFIER = neat.software.SettingsPal;
				PRODUCT_NAME = "Settings Pal";
				SWIFT_EMIT_LOC_STRINGS = YES;
				SWIFT_VERSION = 5.0;
			};
			name = Release;
		};
		BBC1716A2C06B2D200CF9211 /* Debug */ = {
			isa = XCBuildConfiguration;
			buildSettings = {
				ALWAYS_SEARCH_USER_PATHS = NO;
				ASSETCATALOG_COMPILER_GENERATE_SWIFT_ASSET_SYMBOL_EXTENSIONS = YES;
				CLANG_ANALYZER_LOCALIZABILITY_NONLOCALIZED = YES;
				CLANG_ANALYZER_NONNULL = YES;
				CLANG_ANALYZER_NUMBER_OBJECT_CONVERSION = YES_AGGRESSIVE;
				CLANG_CXX_LANGUAGE_STANDARD = "gnu++20";
				CLANG_ENABLE_MODULES = YES;
				CLANG_ENABLE_OBJC_ARC = YES;
				CLANG_ENABLE_OBJC_WEAK = YES;
				CLANG_WARN_BLOCK_CAPTURE_AUTORELEASING = YES;
				CLANG_WARN_BOOL_CONVERSION = YES;
				CLANG_WARN_COMMA = YES;
				CLANG_WARN_CONSTANT_CONVERSION = YES;
				CLANG_WARN_DEPRECATED_OBJC_IMPLEMENTATIONS = YES;
				CLANG_WARN_DIRECT_OBJC_ISA_USAGE = YES_ERROR;
				CLANG_WARN_DOCUMENTATION_COMMENTS = YES;
				CLANG_WARN_EMPTY_BODY = YES;
				CLANG_WARN_ENUM_CONVERSION = YES;
				CLANG_WARN_INFINITE_RECURSION = YES;
				CLANG_WARN_INT_CONVERSION = YES;
				CLANG_WARN_NON_LITERAL_NULL_CONVERSION = YES;
				CLANG_WARN_OBJC_IMPLICIT_RETAIN_SELF = YES;
				CLANG_WARN_OBJC_LITERAL_CONVERSION = YES;
				CLANG_WARN_OBJC_ROOT_CLASS = YES_ERROR;
				CLANG_WARN_QUOTED_INCLUDE_IN_FRAMEWORK_HEADER = YES;
				CLANG_WARN_RANGE_LOOP_ANALYSIS = YES;
				CLANG_WARN_STRICT_PROTOTYPES = YES;
				CLANG_WARN_SUSPICIOUS_MOVE = YES;
				CLANG_WARN_UNGUARDED_AVAILABILITY = YES_AGGRESSIVE;
				CLANG_WARN_UNREACHABLE_CODE = YES;
				CLANG_WARN__DUPLICATE_METHOD_MATCH = YES;
				COPY_PHASE_STRIP = NO;
				DEAD_CODE_STRIPPING = YES;
				DEBUG_INFORMATION_FORMAT = dwarf;
				ENABLE_STRICT_OBJC_MSGSEND = YES;
				ENABLE_TESTABILITY = YES;
				ENABLE_USER_SCRIPT_SANDBOXING = NO;
				GCC_C_LANGUAGE_STANDARD = gnu17;
				GCC_DYNAMIC_NO_PIC = NO;
				GCC_NO_COMMON_BLOCKS = YES;
				GCC_OPTIMIZATION_LEVEL = 0;
				GCC_PREPROCESSOR_DEFINITIONS = (
					"DEBUG=1",
					"$(inherited)",
				);
				GCC_WARN_64_TO_32_BIT_CONVERSION = YES;
				GCC_WARN_ABOUT_RETURN_TYPE = YES_ERROR;
				GCC_WARN_UNDECLARED_SELECTOR = YES;
				GCC_WARN_UNINITIALIZED_AUTOS = YES_AGGRESSIVE;
				GCC_WARN_UNUSED_FUNCTION = YES;
				GCC_WARN_UNUSED_VARIABLE = YES;
				LOCALIZATION_PREFERS_STRING_CATALOGS = YES;
				MACOSX_DEPLOYMENT_TARGET = 13.0;
				MTL_ENABLE_DEBUG_INFO = INCLUDE_SOURCE;
				MTL_FAST_MATH = YES;
				ONLY_ACTIVE_ARCH = YES;
				SDKROOT = macosx;
				SWIFT_ACTIVE_COMPILATION_CONDITIONS = "DEBUG $(inherited)";
				SWIFT_OPTIMIZATION_LEVEL = "-Onone";
			};
			name = Debug;
		};
		BBC1716B2C06B2D200CF9211 /* Release */ = {
			isa = XCBuildConfiguration;
			buildSettings = {
				ALWAYS_SEARCH_USER_PATHS = NO;
				ASSETCATALOG_COMPILER_GENERATE_SWIFT_ASSET_SYMBOL_EXTENSIONS = YES;
				CLANG_ANALYZER_LOCALIZABILITY_NONLOCALIZED = YES;
				CLANG_ANALYZER_NONNULL = YES;
				CLANG_ANALYZER_NUMBER_OBJECT_CONVERSION = YES_AGGRESSIVE;
				CLANG_CXX_LANGUAGE_STANDARD = "gnu++20";
				CLANG_ENABLE_MODULES = YES;
				CLANG_ENABLE_OBJC_ARC = YES;
				CLANG_ENABLE_OBJC_WEAK = YES;
				CLANG_WARN_BLOCK_CAPTURE_AUTORELEASING = YES;
				CLANG_WARN_BOOL_CONVERSION = YES;
				CLANG_WARN_COMMA = YES;
				CLANG_WARN_CONSTANT_CONVERSION = YES;
				CLANG_WARN_DEPRECATED_OBJC_IMPLEMENTATIONS = YES;
				CLANG_WARN_DIRECT_OBJC_ISA_USAGE = YES_ERROR;
				CLANG_WARN_DOCUMENTATION_COMMENTS = YES;
				CLANG_WARN_EMPTY_BODY = YES;
				CLANG_WARN_ENUM_CONVERSION = YES;
				CLANG_WARN_INFINITE_RECURSION = YES;
				CLANG_WARN_INT_CONVERSION = YES;
				CLANG_WARN_NON_LITERAL_NULL_CONVERSION = YES;
				CLANG_WARN_OBJC_IMPLICIT_RETAIN_SELF = YES;
				CLANG_WARN_OBJC_LITERAL_CONVERSION = YES;
				CLANG_WARN_OBJC_ROOT_CLASS = YES_ERROR;
				CLANG_WARN_QUOTED_INCLUDE_IN_FRAMEWORK_HEADER = YES;
				CLANG_WARN_RANGE_LOOP_ANALYSIS = YES;
				CLANG_WARN_STRICT_PROTOTYPES = YES;
				CLANG_WARN_SUSPICIOUS_MOVE = YES;
				CLANG_WARN_UNGUARDED_AVAILABILITY = YES_AGGRESSIVE;
				CLANG_WARN_UNREACHABLE_CODE = YES;
				CLANG_WARN__DUPLICATE_METHOD_MATCH = YES;
				COPY_PHASE_STRIP = NO;
				DEAD_CODE_STRIPPING = YES;
				DEBUG_INFORMATION_FORMAT = "dwarf-with-dsym";
				ENABLE_NS_ASSERTIONS = NO;
				ENABLE_STRICT_OBJC_MSGSEND = YES;
				ENABLE_USER_SCRIPT_SANDBOXING = NO;
				GCC_C_LANGUAGE_STANDARD = gnu17;
				GCC_NO_COMMON_BLOCKS = YES;
				GCC_WARN_64_TO_32_BIT_CONVERSION = YES;
				GCC_WARN_ABOUT_RETURN_TYPE = YES_ERROR;
				GCC_WARN_UNDECLARED_SELECTOR = YES;
				GCC_WARN_UNINITIALIZED_AUTOS = YES_AGGRESSIVE;
				GCC_WARN_UNUSED_FUNCTION = YES;
				GCC_WARN_UNUSED_VARIABLE = YES;
				LOCALIZATION_PREFERS_STRING_CATALOGS = YES;
				MACOSX_DEPLOYMENT_TARGET = 13.0;
				MTL_ENABLE_DEBUG_INFO = NO;
				MTL_FAST_MATH = YES;
				SDKROOT = macosx;
				SWIFT_COMPILATION_MODE = wholemodule;
			};
			name = Release;
		};
		BBC1716D2C06B2D200CF9211 /* Debug */ = {
			isa = XCBuildConfiguration;
			buildSettings = {
				ASSETCATALOG_COMPILER_APPICON_NAME = AppIcon;
				CODE_SIGN_ENTITLEMENTS = SettingsPal/SettingsPal.entitlements;
				CODE_SIGN_STYLE = Automatic;
				COMBINE_HIDPI_IMAGES = YES;
				CURRENT_PROJECT_VERSION = 1;
				DEAD_CODE_STRIPPING = YES;
				DEVELOPMENT_TEAM = TD687FJHSE;
				ENABLE_HARDENED_RUNTIME = YES;
				ENABLE_PREVIEWS = YES;
				GENERATE_INFOPLIST_FILE = YES;
				INFOPLIST_KEY_LSApplicationCategoryType = "public.app-category.utilities";
				INFOPLIST_KEY_NSContactsUsageDescription = "To display your name and avatar";
				INFOPLIST_KEY_NSHumanReadableCopyright = "Copyright © 2024 Neat Software Co.\nAll rights reserved.";
				LD_RUNPATH_SEARCH_PATHS = (
					"$(inherited)",
					"@executable_path/../Frameworks",
				);
				MARKETING_VERSION = 1.0;
				PRODUCT_BUNDLE_IDENTIFIER = neat.software.SettingsPal;
				PRODUCT_NAME = "$(TARGET_NAME)";
				SWIFT_EMIT_LOC_STRINGS = YES;
				SWIFT_VERSION = 5.0;
			};
			name = Debug;
		};
		BBC1716E2C06B2D200CF9211 /* Release */ = {
			isa = XCBuildConfiguration;
			buildSettings = {
				ASSETCATALOG_COMPILER_APPICON_NAME = AppIcon;
				CODE_SIGN_ENTITLEMENTS = SettingsPal/SettingsPal.entitlements;
				CODE_SIGN_STYLE = Automatic;
				COMBINE_HIDPI_IMAGES = YES;
				CURRENT_PROJECT_VERSION = 1;
				DEAD_CODE_STRIPPING = YES;
				DEVELOPMENT_TEAM = TD687FJHSE;
				ENABLE_HARDENED_RUNTIME = YES;
				ENABLE_PREVIEWS = YES;
				GENERATE_INFOPLIST_FILE = YES;
				INFOPLIST_KEY_LSApplicationCategoryType = "public.app-category.utilities";
				INFOPLIST_KEY_NSContactsUsageDescription = "To display your name and avatar";
				INFOPLIST_KEY_NSHumanReadableCopyright = "Copyright © 2024 Neat Software Co.\nAll rights reserved.";
				LD_RUNPATH_SEARCH_PATHS = (
					"$(inherited)",
					"@executable_path/../Frameworks",
				);
				MARKETING_VERSION = 1.0;
				PRODUCT_BUNDLE_IDENTIFIER = neat.software.SettingsPal;
				PRODUCT_NAME = "$(TARGET_NAME)";
				SWIFT_EMIT_LOC_STRINGS = YES;
				SWIFT_VERSION = 5.0;
			};
			name = Release;
		};
/* End XCBuildConfiguration section */

/* Begin XCConfigurationList section */
		BB5F9E482C339F7D00D2ECC7 /* Build configuration list for PBXNativeTarget "Settings Pal - App Store" */ = {
			isa = XCConfigurationList;
			buildConfigurations = (
				BB5F9E492C339F7D00D2ECC7 /* Debug */,
				BB5F9E4A2C339F7D00D2ECC7 /* Release */,
			);
			defaultConfigurationIsVisible = 0;
			defaultConfigurationName = Release;
		};
		BBC171582C06B2D100CF9211 /* Build configuration list for PBXProject "SettingsPal" */ = {
			isa = XCConfigurationList;
			buildConfigurations = (
				BBC1716A2C06B2D200CF9211 /* Debug */,
				BBC1716B2C06B2D200CF9211 /* Release */,
			);
			defaultConfigurationIsVisible = 0;
			defaultConfigurationName = Release;
		};
		BBC1716C2C06B2D200CF9211 /* Build configuration list for PBXNativeTarget "Settings Pal" */ = {
			isa = XCConfigurationList;
			buildConfigurations = (
				BBC1716D2C06B2D200CF9211 /* Debug */,
				BBC1716E2C06B2D200CF9211 /* Release */,
			);
			defaultConfigurationIsVisible = 0;
			defaultConfigurationName = Release;
		};
/* End XCConfigurationList section */

/* Begin XCRemoteSwiftPackageReference section */
		BB5F9E4C2C33A01400D2ECC7 /* XCRemoteSwiftPackageReference "Sparkle" */ = {
			isa = XCRemoteSwiftPackageReference;
			repositoryURL = "https://github.com/sparkle-project/Sparkle";
			requirement = {
				kind = exactVersion;
				version = 2.6.4;
			};
		};
/* End XCRemoteSwiftPackageReference section */

/* Begin XCSwiftPackageProductDependency section */
		BB8238902D36089300A0ABB2 /* Sparkle */ = {
			isa = XCSwiftPackageProductDependency;
			package = BB5F9E4C2C33A01400D2ECC7 /* XCRemoteSwiftPackageReference "Sparkle" */;
			productName = Sparkle;
		};
/* End XCSwiftPackageProductDependency section */
	};
	rootObject = BBC171552C06B2D100CF9211 /* Project object */;
}
